{
  "object": {
    "pins": [
      {
        "package": "CoreCQI",
        "repositoryURL": "https://github.com/wildthink/CoreCQI.git",
        "state": {
          "branch": "main",
          "revision": "7f0fc107a2e5353ec32932a4ed886ba04f21d069",
          "version": null
        }
      },
      {
        "package": "FeistyDB",
        "repositoryURL": "https://github.com/wildthink/FeistyDB",
        "state": {
          "branch": "master",
          "revision": "d88160a590dd56e39caf382f7e15f18ae6298f2e",
          "version": null
        }
      },
      {
        "package": "Runtime",
        "repositoryURL": "https://github.com/wildthink/Runtime",
        "state": {
          "branch": "master",
          "revision": "407d0e03c4282458be676256a142cf29fc9b0683",
          "version": null
        }
      }
    ]
  },
  "version": 1
}
